
Microsoft Visual Studio Solution File, Format Version 12.00
# Visual Studio 15
VisualStudioVersion = 15.0.28307.705
MinimumVisualStudioVersion = 10.0.40219.1
Project("{FAE04EC0-301F-11D3-BF4B-00C04F79EFBC}") = "EHale.Wordsearch.Entities", "EHale.Wordsearch.Entities\EHale.Wordsearch.Entities.csproj", "{38345567-C708-462D-8F3C-939B8EE773D0}"
EndProject
Project("{9A19103F-16F7-4668-BE54-9A1E7A4F7556}") = "EHale.Wordsearch.Test", "EHale.Wordsearch.Test\EHale.Wordsearch.Test.csproj", "{9A5A17A3-90A2-4914-8CB1-475FA9A489B1}"
EndProject
Global
	GlobalSection(SolutionConfigurationPlatforms) = preSolution
		Debug|Any CPU = Debug|Any CPU
		Release|Any CPU = Release|Any CPU
	EndGlobalSection
	GlobalSection(ProjectConfigurationPlatforms) = postSolution
		{38345567-C708-462D-8F3C-939B8EE773D0}.Debug|Any CPU.ActiveCfg = Debug|Any CPU
		{38345567-C708-462D-8F3C-939B8EE773D0}.Debug|Any CPU.Build.0 = Debug|Any CPU
		{38345567-C708-462D-8F3C-939B8EE773D0}.Release|Any CPU.ActiveCfg = Release|Any CPU
		{38345567-C708-462D-8F3C-939B8EE773D0}.Release|Any CPU.Build.0 = Release|Any CPU
		{9A5A17A3-90A2-4914-8CB1-475FA9A489B1}.Debug|Any CPU.ActiveCfg = Debug|Any CPU
		{9A5A17A3-90A2-4914-8CB1-475FA9A489B1}.Debug|Any CPU.Build.0 = Debug|Any CPU
		{9A5A17A3-90A2-4914-8CB1-475FA9A489B1}.Release|Any CPU.ActiveCfg = Release|Any CPU
		{9A5A17A3-90A2-4914-8CB1-475FA9A489B1}.Release|Any CPU.Build.0 = Release|Any CPU
	EndGlobalSection
	GlobalSection(SolutionProperties) = preSolution
		HideSolutionNode = FALSE
	EndGlobalSection
	GlobalSection(ExtensibilityGlobals) = postSolution
		SolutionGuid = {7071D804-AC17-4291-911D-72D44F342EA3}
	EndGlobalSection
EndGlobal
